
Microsoft Visual Studio Solution File, Format Version 12.00
# Visual Studio Version 17
VisualStudioVersion = 17.9.34622.214
MinimumVisualStudioVersion = 10.0.40219.1
Project("{2150E333-8FDC-42A3-9474-1A3956D46DE8}") = "Core", "Core", "{F8C30890-E695-4D13-A333-889B060843BE}"
EndProject
Project("{2150E333-8FDC-42A3-9474-1A3956D46DE8}") = "Infrastructure", "Infrastructure", "{53257B77-38B2-453B-B0E6-9EE464E8E58E}"
EndProject
Project("{2150E333-8FDC-42A3-9474-1A3956D46DE8}") = "Presintation", "Presintation", "{E207F932-0520-42A8-BE77-A4C1DDA97E04}"
EndProject
Project("{9A19103F-16F7-4668-BE54-9A1E7A4F7556}") = "Library.Domain", "Library.Domain\Library.Domain.csproj", "{5BF99E2A-D9E1-4A6B-8EF7-72823233A437}"
EndProject
Project("{9A19103F-16F7-4668-BE54-9A1E7A4F7556}") = "Library.Persistance", "Library.Persistance\Library.Persistance.csproj", "{80C4DC69-9CD6-4FBF-9A5D-6BB9FABA9845}"
EndProject
Project("{9A19103F-16F7-4668-BE54-9A1E7A4F7556}") = "Library.Application", "Library.Application\Library.Application.csproj", "{476C29C9-F9F7-4868-A728-74C249D4C9C9}"
EndProject
Project("{FAE04EC0-301F-11D3-BF4B-00C04F79EFBC}") = "Library.WebAPI", "Library.WebAPI\Library.WebAPI.csproj", "{89D0C045-9356-4764-BCC2-9DC697EE90B7}"
EndProject
Global
	GlobalSection(SolutionConfigurationPlatforms) = preSolution
		Debug|Any CPU = Debug|Any CPU
		Release|Any CPU = Release|Any CPU
	EndGlobalSection
	GlobalSection(ProjectConfigurationPlatforms) = postSolution
		{5BF99E2A-D9E1-4A6B-8EF7-72823233A437}.Debug|Any CPU.ActiveCfg = Debug|Any CPU
		{5BF99E2A-D9E1-4A6B-8EF7-72823233A437}.Debug|Any CPU.Build.0 = Debug|Any CPU
		{5BF99E2A-D9E1-4A6B-8EF7-72823233A437}.Release|Any CPU.ActiveCfg = Release|Any CPU
		{5BF99E2A-D9E1-4A6B-8EF7-72823233A437}.Release|Any CPU.Build.0 = Release|Any CPU
		{80C4DC69-9CD6-4FBF-9A5D-6BB9FABA9845}.Debug|Any CPU.ActiveCfg = Debug|Any CPU
		{80C4DC69-9CD6-4FBF-9A5D-6BB9FABA9845}.Debug|Any CPU.Build.0 = Debug|Any CPU
		{80C4DC69-9CD6-4FBF-9A5D-6BB9FABA9845}.Release|Any CPU.ActiveCfg = Release|Any CPU
		{80C4DC69-9CD6-4FBF-9A5D-6BB9FABA9845}.Release|Any CPU.Build.0 = Release|Any CPU
		{476C29C9-F9F7-4868-A728-74C249D4C9C9}.Debug|Any CPU.ActiveCfg = Debug|Any CPU
		{476C29C9-F9F7-4868-A728-74C249D4C9C9}.Debug|Any CPU.Build.0 = Debug|Any CPU
		{476C29C9-F9F7-4868-A728-74C249D4C9C9}.Release|Any CPU.ActiveCfg = Release|Any CPU
		{476C29C9-F9F7-4868-A728-74C249D4C9C9}.Release|Any CPU.Build.0 = Release|Any CPU
		{89D0C045-9356-4764-BCC2-9DC697EE90B7}.Debug|Any CPU.ActiveCfg = Debug|Any CPU
		{89D0C045-9356-4764-BCC2-9DC697EE90B7}.Debug|Any CPU.Build.0 = Debug|Any CPU
		{89D0C045-9356-4764-BCC2-9DC697EE90B7}.Release|Any CPU.ActiveCfg = Release|Any CPU
		{89D0C045-9356-4764-BCC2-9DC697EE90B7}.Release|Any CPU.Build.0 = Release|Any CPU
	EndGlobalSection
	GlobalSection(SolutionProperties) = preSolution
		HideSolutionNode = FALSE
	EndGlobalSection
	GlobalSection(NestedProjects) = preSolution
		{5BF99E2A-D9E1-4A6B-8EF7-72823233A437} = {F8C30890-E695-4D13-A333-889B060843BE}
		{80C4DC69-9CD6-4FBF-9A5D-6BB9FABA9845} = {53257B77-38B2-453B-B0E6-9EE464E8E58E}
		{476C29C9-F9F7-4868-A728-74C249D4C9C9} = {53257B77-38B2-453B-B0E6-9EE464E8E58E}
		{89D0C045-9356-4764-BCC2-9DC697EE90B7} = {E207F932-0520-42A8-BE77-A4C1DDA97E04}
	EndGlobalSection
	GlobalSection(ExtensibilityGlobals) = postSolution
		SolutionGuid = {28320942-4B2F-4BD3-9611-631A5685F7D0}
	EndGlobalSection
EndGlobal
